# THIS IS AN AUTOGENERATED FILE. DO NOT EDIT THIS FILE DIRECTLY.
# yarn lockfile v1


"@babel/runtime@^7.23.2":
  version "7.23.9"
  resolved "https://registry.yarnpkg.com/@babel/runtime/-/runtime-7.23.9.tgz#47791a15e4603bb5f905bc0753801cf21d6345f7"
  integrity sha512-0CX6F+BI2s9dkUqr08KFrAIZgNFj75rdBU/DjCyYLIaV/quFjkk6T+EJ2LkZHyZTbEV4L5p97mNkUsHl2wLFAw==
  dependencies:
    regenerator-runtime "^0.14.0"

"@cspotcode/source-map-support@^0.8.0":
  version "0.8.1"
  resolved "https://registry.yarnpkg.com/@cspotcode/source-map-support/-/source-map-support-0.8.1.tgz#00629c35a688e05a88b1cda684fb9d5e73f000a1"
  integrity sha512-IchNf6dN4tHoMFIn/7OE8LWZ19Y6q/67Bmf6vnGREv8RSbBVb9LPJxEcnwrcwX6ixSvaiGoomAUvu4YSxXrVgw==
  dependencies:
    "@jridgewell/trace-mapping" "0.3.9"

"@jridgewell/resolve-uri@^3.0.3":
  version "3.1.2"
  resolved "https://registry.yarnpkg.com/@jridgewell/resolve-uri/-/resolve-uri-3.1.2.tgz#7a0ee601f60f99a20c7c7c5ff0c80388c1189bd6"
  integrity sha512-bRISgCIjP20/tbWSPWMEi54QVPRZExkuD9lJL+UIxUKtwVJA8wW1Trb1jMs1RFXo1CBTNZ/5hpC9QvmKWdopKw==

"@jridgewell/sourcemap-codec@^1.4.10":
  version "1.4.15"
  resolved "https://registry.yarnpkg.com/@jridgewell/sourcemap-codec/-/sourcemap-codec-1.4.15.tgz#d7c6e6755c78567a951e04ab52ef0fd26de59f32"
  integrity sha512-eF2rxCRulEKXHTRiDrDy6erMYWqNw4LPdQ8UQA4huuxaQsVeRPFl2oM8oDGxMFhJUWZf9McpLtJasDDZb/Bpeg==

"@jridgewell/trace-mapping@0.3.9":
  version "0.3.9"
  resolved "https://registry.yarnpkg.com/@jridgewell/trace-mapping/-/trace-mapping-0.3.9.tgz#6534fd5933a53ba7cbf3a17615e273a0d1273ff9"
  integrity sha512-3Belt6tdc8bPgAtbcmdtNJlirVoTmEb5e2gC94PnkwEW9jI6CAHUeoG85tjWP5WquqfavoMtMwiG4P926ZKKuQ==
  dependencies:
    "@jridgewell/resolve-uri" "^3.0.3"
    "@jridgewell/sourcemap-codec" "^1.4.10"

"@pkgr/core@^0.1.0":
  version "0.1.1"
  resolved "https://registry.yarnpkg.com/@pkgr/core/-/core-0.1.1.tgz#1ec17e2edbec25c8306d424ecfbf13c7de1aaa31"
  integrity sha512-cq8o4cWH0ibXh9VGi5P20Tu9XF/0fFXl9EUinr9QfTM7a7p0oTA4iJRCQWppXR1Pg8dSM0UCItCkPwsk9qWWYA==

"@tsconfig/node10@^1.0.7":
  version "1.0.9"
  resolved "https://registry.yarnpkg.com/@tsconfig/node10/-/node10-1.0.9.tgz#df4907fc07a886922637b15e02d4cebc4c0021b2"
  integrity sha512-jNsYVVxU8v5g43Erja32laIDHXeoNvFEpX33OK4d6hljo3jDhCBDhx5dhCCTMWUojscpAagGiRkBKxpdl9fxqA==

"@tsconfig/node12@^1.0.7":
  version "1.0.11"
  resolved "https://registry.yarnpkg.com/@tsconfig/node12/-/node12-1.0.11.tgz#ee3def1f27d9ed66dac6e46a295cffb0152e058d"
  integrity sha512-cqefuRsh12pWyGsIoBKJA9luFu3mRxCA+ORZvA4ktLSzIuCUtWVxGIuXigEwO5/ywWFMZ2QEGKWvkZG1zDMTag==

"@tsconfig/node14@^1.0.0":
  version "1.0.3"
  resolved "https://registry.yarnpkg.com/@tsconfig/node14/-/node14-1.0.3.tgz#e4386316284f00b98435bf40f72f75a09dabf6c1"
  integrity sha512-ysT8mhdixWK6Hw3i1V2AeRqZ5WfXg1G43mqoYlM2nc6388Fq5jcXyr5mRsqViLx/GJYdoL0bfXD8nmF+Zn/Iow==

"@tsconfig/node16@^1.0.2":
  version "1.0.4"
  resolved "https://registry.yarnpkg.com/@tsconfig/node16/-/node16-1.0.4.tgz#0b92dcc0cc1c81f6f306a381f28e31b1a56536e9"
  integrity sha512-vxhUy4J8lyeyinH7Azl1pdd43GJhZH/tP2weN8TntQblOY+A0XbT8DJk1/oCPuOOyg/Ja757rG0CgHcWC8OfMA==

"@types/node@^20.11.17":
  version "20.11.19"
  resolved "https://registry.yarnpkg.com/@types/node/-/node-20.11.19.tgz#b466de054e9cb5b3831bee38938de64ac7f81195"
  integrity sha512-7xMnVEcZFu0DikYjWOlRq7NTPETrm7teqUT2WkQjrTIkEgUyyGdWsj/Zg8bEJt5TNklzbPD1X3fqfsHw3SpapQ==
  dependencies:
    undici-types "~5.26.4"

acorn-walk@^8.1.1:
  version "8.3.2"
  resolved "https://registry.yarnpkg.com/acorn-walk/-/acorn-walk-8.3.2.tgz#7703af9415f1b6db9315d6895503862e231d34aa"
  integrity sha512-cjkyv4OtNCIeqhHrfS81QWXoCBPExR/J62oyEqepVw8WaQeSqpW2uhuLPh1m9eWhDuOo/jUXVTlifvesOWp/4A==

acorn@^8.4.1:
  version "8.11.3"
  resolved "https://registry.yarnpkg.com/acorn/-/acorn-8.11.3.tgz#71e0b14e13a4ec160724b38fb7b0f233b1b81d7a"
  integrity sha512-Y9rRfJG5jcKOE0CLisYbojUjIrIEE7AGMzA/Sm4BslANhbS+cDMpgBdcPT91oJ7OuJ9hYJBx59RjbhxVnrF8Xg==

arg@^4.1.0:
  version "4.1.3"
  resolved "https://registry.yarnpkg.com/arg/-/arg-4.1.3.tgz#269fc7ad5b8e42cb63c896d5666017261c144089"
  integrity sha512-58S9QDqG0Xx27YwPSt9fJxivjYl432YCwfDMfZ+71RAqUrZef7LrKQZ3LHLOwCS4FLNBplP533Zx895SeOCHvA==

aria-query@^5.3.0:
  version "5.3.0"
  resolved "https://registry.yarnpkg.com/aria-query/-/aria-query-5.3.0.tgz#650c569e41ad90b51b3d7df5e5eed1c7549c103e"
  integrity sha512-b0P0sZPKtyu8HkeRAfCq0IfURZK+SuwMjY1UXGBU27wpAiTwQAIlq56IbIO+ytk/JjS1fMR14ee5WBBfKi5J6A==
  dependencies:
    dequal "^2.0.3"

array-buffer-byte-length@^1.0.1:
  version "1.0.1"
  resolved "https://registry.yarnpkg.com/array-buffer-byte-length/-/array-buffer-byte-length-1.0.1.tgz#1e5583ec16763540a27ae52eed99ff899223568f"
  integrity sha512-ahC5W1xgou+KTXix4sAO8Ki12Q+jf4i0+tmk3sC+zgcynshkHxzpXdImBehiUYKKKDwvfFiJl1tZt6ewscS1Mg==
  dependencies:
    call-bind "^1.0.5"
    is-array-buffer "^3.0.4"

array-includes@^3.1.6, array-includes@^3.1.7:
  version "3.1.7"
  resolved "https://registry.yarnpkg.com/array-includes/-/array-includes-3.1.7.tgz#8cd2e01b26f7a3086cbc87271593fe921c62abda"
  integrity sha512-dlcsNBIiWhPkHdOEEKnehA+RNUWDc4UqFtnIXU4uuYDPtA4LDkr7qip2p0VvFAEXNDr0yWZ9PJyIRiGjRLQzwQ==
  dependencies:
    call-bind "^1.0.2"
    define-properties "^1.2.0"
    es-abstract "^1.22.1"
    get-intrinsic "^1.2.1"
    is-string "^1.0.7"

array.prototype.flat@^1.3.1:
  version "1.3.2"
  resolved "https://registry.yarnpkg.com/array.prototype.flat/-/array.prototype.flat-1.3.2.tgz#1476217df8cff17d72ee8f3ba06738db5b387d18"
  integrity sha512-djYB+Zx2vLewY8RWlNCUdHjDXs2XOgm602S9E7P/UpHgfeHL00cRiIF+IN/G/aUJ7kGPb6yO/ErDI5V2s8iycA==
  dependencies:
    call-bind "^1.0.2"
    define-properties "^1.2.0"
    es-abstract "^1.22.1"
    es-shim-unscopables "^1.0.0"

array.prototype.flatmap@^1.3.2:
  version "1.3.2"
  resolved "https://registry.yarnpkg.com/array.prototype.flatmap/-/array.prototype.flatmap-1.3.2.tgz#c9a7c6831db8e719d6ce639190146c24bbd3e527"
  integrity sha512-Ewyx0c9PmpcsByhSW4r+9zDU7sGjFc86qf/kKtuSCRdhfbk0SNLLkaT5qvcHnRGgc5NP/ly/y+qkXkqONX54CQ==
  dependencies:
    call-bind "^1.0.2"
    define-properties "^1.2.0"
    es-abstract "^1.22.1"
    es-shim-unscopables "^1.0.0"

arraybuffer.prototype.slice@^1.0.3:
  version "1.0.3"
  resolved "https://registry.yarnpkg.com/arraybuffer.prototype.slice/-/arraybuffer.prototype.slice-1.0.3.tgz#097972f4255e41bc3425e37dc3f6421cf9aefde6"
  integrity sha512-bMxMKAjg13EBSVscxTaYA4mRc5t1UAXa2kXiGTNfZ079HIWXEkKmkgFrh/nJqamaLSrXO5H4WFFkPEaLJWbs3A==
  dependencies:
    array-buffer-byte-length "^1.0.1"
    call-bind "^1.0.5"
    define-properties "^1.2.1"
    es-abstract "^1.22.3"
    es-errors "^1.2.1"
    get-intrinsic "^1.2.3"
    is-array-buffer "^3.0.4"
    is-shared-array-buffer "^1.0.2"

ast-types-flow@^0.0.8:
  version "0.0.8"
  resolved "https://registry.yarnpkg.com/ast-types-flow/-/ast-types-flow-0.0.8.tgz#0a85e1c92695769ac13a428bb653e7538bea27d6"
  integrity sha512-OH/2E5Fg20h2aPrbe+QL8JZQFko0YZaF+j4mnQ7BGhfavO7OpSLa8a0y9sBwomHdSbkhTS8TQNayBfnW5DwbvQ==

asynciterator.prototype@^1.0.0:
  version "1.0.0"
  resolved "https://registry.yarnpkg.com/asynciterator.prototype/-/asynciterator.prototype-1.0.0.tgz#8c5df0514936cdd133604dfcc9d3fb93f09b2b62"
  integrity sha512-wwHYEIS0Q80f5mosx3L/dfG5t5rjEa9Ft51GTaNt862EnpyGHpgz2RkZvLPp1oF5TnAiTohkEKVEu8pQPJI7Vg==
  dependencies:
    has-symbols "^1.0.3"

available-typed-arrays@^1.0.6:
  version "1.0.6"
  resolved "https://registry.yarnpkg.com/available-typed-arrays/-/available-typed-arrays-1.0.6.tgz#ac812d8ce5a6b976d738e1c45f08d0b00bc7d725"
  integrity sha512-j1QzY8iPNPG4o4xmO3ptzpRxTciqD3MgEHtifP/YnJpIo58Xu+ne4BejlbkuaLfXn/nz6HFiw29bLpj2PNMdGg==

axe-core@=4.7.0:
  version "4.7.0"
  resolved "https://registry.yarnpkg.com/axe-core/-/axe-core-4.7.0.tgz#34ba5a48a8b564f67e103f0aa5768d76e15bbbbf"
  integrity sha512-M0JtH+hlOL5pLQwHOLNYZaXuhqmvS8oExsqB1SBYgA4Dk7u/xx+YdGHXaK5pyUfed5mYXdlYiphWq3G8cRi5JQ==

axobject-query@^3.2.1:
  version "3.2.1"
  resolved "https://registry.yarnpkg.com/axobject-query/-/axobject-query-3.2.1.tgz#39c378a6e3b06ca679f29138151e45b2b32da62a"
  integrity sha512-jsyHu61e6N4Vbz/v18DHwWYKK0bSWLqn47eeDSKPB7m8tqMHF9YJ+mhIk2lVteyZrY8tnSj/jHOv4YiTCuCJgg==
  dependencies:
    dequal "^2.0.3"

balanced-match@^1.0.0:
  version "1.0.2"
  resolved "https://registry.yarnpkg.com/balanced-match/-/balanced-match-1.0.2.tgz#e83e3a7e3f300b34cb9d87f615fa0cbf357690ee"
  integrity sha512-3oSeUO0TMV67hN1AmbXsK4yaqU7tjiHlbxRDZOpH0KW9+CeX4bRAaX0Anxt0tx2MrpRpWwQaPwIlISEJhYU5Pw==

brace-expansion@^1.1.7:
  version "1.1.11"
  resolved "https://registry.yarnpkg.com/brace-expansion/-/brace-expansion-1.1.11.tgz#3c7fcbf529d87226f3d2f52b966ff5271eb441dd"
  integrity sha512-iCuPHDFgrHX7H2vEI/5xpz07zSHB00TpugqhmYtVmMO6518mCuRMoOYFldEBl0g187ufozdaHgWKcYFb61qGiA==
  dependencies:
    balanced-match "^1.0.0"
    concat-map "0.0.1"

call-bind@^1.0.2, call-bind@^1.0.5, call-bind@^1.0.6, call-bind@^1.0.7:
  version "1.0.7"
  resolved "https://registry.yarnpkg.com/call-bind/-/call-bind-1.0.7.tgz#06016599c40c56498c18769d2730be242b6fa3b9"
  integrity sha512-GHTSNSYICQ7scH7sZ+M2rFopRoLh8t2bLSW6BbgrtLsahOIB5iyAVJf9GjWK3cYTDaMj4XdBpM1cA6pIS0Kv2w==
  dependencies:
    es-define-property "^1.0.0"
    es-errors "^1.3.0"
    function-bind "^1.1.2"
    get-intrinsic "^1.2.4"
    set-function-length "^1.2.1"

concat-map@0.0.1:
  version "0.0.1"
  resolved "https://registry.yarnpkg.com/concat-map/-/concat-map-0.0.1.tgz#d8a96bd77fd68df7793a73036a3ba0d5405d477b"
  integrity sha512-/Srv4dswyQNBfohGpz9o6Yb3Gz3SrUDqBH5rTuhGR7ahtlbYKnVxw2bCFMRljaA7EXHaXZ8wsHdodFvbkhKmqg==

create-require@^1.1.0:
  version "1.1.1"
  resolved "https://registry.yarnpkg.com/create-require/-/create-require-1.1.1.tgz#c1d7e8f1e5f6cfc9ff65f9cd352d37348756c333"
  integrity sha512-dcKFX3jn0MpIaXjisoRvexIJVEKzaq7z2rZKxf+MSr9TkdmHmsU4m2lcLojrj/FHl8mk5VxMmYA+ftRkP/3oKQ==

damerau-levenshtein@^1.0.8:
  version "1.0.8"
  resolved "https://registry.yarnpkg.com/damerau-levenshtein/-/damerau-levenshtein-1.0.8.tgz#b43d286ccbd36bc5b2f7ed41caf2d0aba1f8a6e7"
  integrity sha512-sdQSFB7+llfUcQHUQO3+B8ERRj0Oa4w9POWMI/puGtuf7gFywGmkaLCElnudfTiKZV+NvHqL0ifzdrI8Ro7ESA==

define-data-property@^1.0.1, define-data-property@^1.1.2:
  version "1.1.4"
  resolved "https://registry.yarnpkg.com/define-data-property/-/define-data-property-1.1.4.tgz#894dc141bb7d3060ae4366f6a0107e68fbe48c5e"
  integrity sha512-rBMvIzlpA8v6E+SJZoo++HAYqsLrkg7MSfIinMPFhmkorw7X+dOXVJQs+QT69zGkzMyfDnIMN2Wid1+NbL3T+A==
  dependencies:
    es-define-property "^1.0.0"
    es-errors "^1.3.0"
    gopd "^1.0.1"

define-properties@^1.1.3, define-properties@^1.2.0, define-properties@^1.2.1:
  version "1.2.1"
  resolved "https://registry.yarnpkg.com/define-properties/-/define-properties-1.2.1.tgz#10781cc616eb951a80a034bafcaa7377f6af2b6c"
  integrity sha512-8QmQKqEASLd5nx0U1B1okLElbUuuttJ/AnYmRXbbbGDWh6uS208EjD4Xqq/I9wK7u0v6O08XhTWnt5XtEbR6Dg==
  dependencies:
    define-data-property "^1.0.1"
    has-property-descriptors "^1.0.0"
    object-keys "^1.1.1"

dequal@^2.0.3:
  version "2.0.3"
  resolved "https://registry.yarnpkg.com/dequal/-/dequal-2.0.3.tgz#2644214f1997d39ed0ee0ece72335490a7ac67be"
  integrity sha512-0je+qPKHEMohvfRTCEo3CrPG6cAzAYgmzKyxRiYSSDkS6eGJdyVJm7WaYA5ECaAD9wLB2T4EEeymA5aFVcYXCA==

diff@^4.0.1:
  version "4.0.2"
  resolved "https://registry.yarnpkg.com/diff/-/diff-4.0.2.tgz#60f3aecb89d5fae520c11aa19efc2bb982aade7d"
  integrity sha512-58lmxKSA4BNyLz+HHMUzlOEpg09FV+ev6ZMe3vJihgdxzgcwZ8VoEEPmALCZG9LmqfVoNMMKpttIYTVG6uDY7A==

emoji-regex@^9.2.2:
  version "9.2.2"
  resolved "https://registry.yarnpkg.com/emoji-regex/-/emoji-regex-9.2.2.tgz#840c8803b0d8047f4ff0cf963176b32d4ef3ed72"
  integrity sha512-L18DaJsXSUk2+42pv8mLs5jJT2hqFkFE4j21wOmgbUqsZ2hL72NsUU785g9RXgo3s0ZNgVl42TiHp3ZtOv/Vyg==

es-abstract@^1.22.1, es-abstract@^1.22.3, es-abstract@^1.22.4:
  version "1.22.4"
  resolved "https://registry.yarnpkg.com/es-abstract/-/es-abstract-1.22.4.tgz#26eb2e7538c3271141f5754d31aabfdb215f27bf"
  integrity sha512-vZYJlk2u6qHYxBOTjAeg7qUxHdNfih64Uu2J8QqWgXZ2cri0ZpJAkzDUK/q593+mvKwlxyaxr6F1Q+3LKoQRgg==
  dependencies:
    array-buffer-byte-length "^1.0.1"
    arraybuffer.prototype.slice "^1.0.3"
    available-typed-arrays "^1.0.6"
    call-bind "^1.0.7"
    es-define-property "^1.0.0"
    es-errors "^1.3.0"
    es-set-tostringtag "^2.0.2"
    es-to-primitive "^1.2.1"
    function.prototype.name "^1.1.6"
    get-intrinsic "^1.2.4"
    get-symbol-description "^1.0.2"
    globalthis "^1.0.3"
    gopd "^1.0.1"
    has-property-descriptors "^1.0.2"
    has-proto "^1.0.1"
    has-symbols "^1.0.3"
    hasown "^2.0.1"
    internal-slot "^1.0.7"
    is-array-buffer "^3.0.4"
    is-callable "^1.2.7"
    is-negative-zero "^2.0.2"
    is-regex "^1.1.4"
    is-shared-array-buffer "^1.0.2"
    is-string "^1.0.7"
    is-typed-array "^1.1.13"
    is-weakref "^1.0.2"
    object-inspect "^1.13.1"
    object-keys "^1.1.1"
    object.assign "^4.1.5"
    regexp.prototype.flags "^1.5.2"
    safe-array-concat "^1.1.0"
    safe-regex-test "^1.0.3"
    string.prototype.trim "^1.2.8"
    string.prototype.trimend "^1.0.7"
    string.prototype.trimstart "^1.0.7"
    typed-array-buffer "^1.0.1"
    typed-array-byte-length "^1.0.0"
    typed-array-byte-offset "^1.0.0"
    typed-array-length "^1.0.4"
    unbox-primitive "^1.0.2"
    which-typed-array "^1.1.14"

es-define-property@^1.0.0:
  version "1.0.0"
  resolved "https://registry.yarnpkg.com/es-define-property/-/es-define-property-1.0.0.tgz#c7faefbdff8b2696cf5f46921edfb77cc4ba3845"
  integrity sha512-jxayLKShrEqqzJ0eumQbVhTYQM27CfT1T35+gCgDFoL82JLsXqTJ76zv6A0YLOgEnLUMvLzsDsGIrl8NFpT2gQ==
  dependencies:
    get-intrinsic "^1.2.4"

es-errors@^1.0.0, es-errors@^1.2.1, es-errors@^1.3.0:
  version "1.3.0"
  resolved "https://registry.yarnpkg.com/es-errors/-/es-errors-1.3.0.tgz#05f75a25dab98e4fb1dcd5e1472c0546d5057c8f"
  integrity sha512-Zf5H2Kxt2xjTvbJvP2ZWLEICxA6j+hAmMzIlypy4xcBg1vKVnx89Wy0GbS+kf5cwCVFFzdCFh2XSCFNULS6csw==

es-iterator-helpers@^1.0.15:
  version "1.0.17"
  resolved "https://registry.yarnpkg.com/es-iterator-helpers/-/es-iterator-helpers-1.0.17.tgz#123d1315780df15b34eb181022da43e734388bb8"
  integrity sha512-lh7BsUqelv4KUbR5a/ZTaGGIMLCjPGPqJ6q+Oq24YP0RdyptX1uzm4vvaqzk7Zx3bpl/76YLTTDj9L7uYQ92oQ==
  dependencies:
    asynciterator.prototype "^1.0.0"
    call-bind "^1.0.7"
    define-properties "^1.2.1"
    es-abstract "^1.22.4"
    es-errors "^1.3.0"
    es-set-tostringtag "^2.0.2"
    function-bind "^1.1.2"
    get-intrinsic "^1.2.4"
    globalthis "^1.0.3"
    has-property-descriptors "^1.0.2"
    has-proto "^1.0.1"
    has-symbols "^1.0.3"
    internal-slot "^1.0.7"
    iterator.prototype "^1.1.2"
    safe-array-concat "^1.1.0"

es-set-tostringtag@^2.0.2:
  version "2.0.2"
  resolved "https://registry.yarnpkg.com/es-set-tostringtag/-/es-set-tostringtag-2.0.2.tgz#11f7cc9f63376930a5f20be4915834f4bc74f9c9"
  integrity sha512-BuDyupZt65P9D2D2vA/zqcI3G5xRsklm5N3xCwuiy+/vKy8i0ifdsQP1sLgO4tZDSCaQUSnmC48khknGMV3D2Q==
  dependencies:
    get-intrinsic "^1.2.2"
    has-tostringtag "^1.0.0"
    hasown "^2.0.0"

es-shim-unscopables@^1.0.0:
  version "1.0.2"
  resolved "https://registry.yarnpkg.com/es-shim-unscopables/-/es-shim-unscopables-1.0.2.tgz#1f6942e71ecc7835ed1c8a83006d8771a63a3763"
  integrity sha512-J3yBRXCzDu4ULnQwxyToo/OjdMx6akgVC7K6few0a7F/0wLtmKKN7I73AH5T2836UuXRqN7Qg+IIUw/+YJksRw==
  dependencies:
    hasown "^2.0.0"

es-to-primitive@^1.2.1:
  version "1.2.1"
  resolved "https://registry.yarnpkg.com/es-to-primitive/-/es-to-primitive-1.2.1.tgz#e55cd4c9cdc188bcefb03b366c736323fc5c898a"
  integrity sha512-QCOllgZJtaUo9miYBcLChTUaHNjJF3PYs1VidD7AwiEj1kYxKeQTctLAezAOH5ZKRH0g2IgPn6KwB4IT8iRpvA==
  dependencies:
    is-callable "^1.1.4"
    is-date-object "^1.0.1"
    is-symbol "^1.0.2"

eslint-config-prettier@^9.1.0:
  version "9.1.0"
  resolved "https://registry.yarnpkg.com/eslint-config-prettier/-/eslint-config-prettier-9.1.0.tgz#31af3d94578645966c082fcb71a5846d3c94867f"
  integrity sha512-NSWl5BFQWEPi1j4TjVNItzYV7dZXZ+wP6I6ZhrBGpChQhZRUaElihE9uRRkcbRnNb76UMKDF3r+WTmNcGPKsqw==

eslint-plugin-jsx-a11y@^6.8.0:
  version "6.8.0"
  resolved "https://registry.yarnpkg.com/eslint-plugin-jsx-a11y/-/eslint-plugin-jsx-a11y-6.8.0.tgz#2fa9c701d44fcd722b7c771ec322432857fcbad2"
  integrity sha512-Hdh937BS3KdwwbBaKd5+PLCOmYY6U4f2h9Z2ktwtNKvIdIEu137rjYbcb9ApSbVJfWxANNuiKTD/9tOKjK9qOA==
  dependencies:
    "@babel/runtime" "^7.23.2"
    aria-query "^5.3.0"
    array-includes "^3.1.7"
    array.prototype.flatmap "^1.3.2"
    ast-types-flow "^0.0.8"
    axe-core "=4.7.0"
    axobject-query "^3.2.1"
    damerau-levenshtein "^1.0.8"
    emoji-regex "^9.2.2"
    es-iterator-helpers "^1.0.15"
    hasown "^2.0.0"
    jsx-ast-utils "^3.3.5"
    language-tags "^1.0.9"
    minimatch "^3.1.2"
    object.entries "^1.1.7"
    object.fromentries "^2.0.7"

eslint-plugin-prettier@^5.1.3:
  version "5.1.3"
  resolved "https://registry.yarnpkg.com/eslint-plugin-prettier/-/eslint-plugin-prettier-5.1.3.tgz#17cfade9e732cef32b5f5be53bd4e07afd8e67e1"
  integrity sha512-C9GCVAs4Eq7ZC/XFQHITLiHJxQngdtraXaM+LoUFoFp/lHNl2Zn8f3WQbe9HvTBBQ9YnKFB0/2Ajdqwo5D1EAw==
  dependencies:
    prettier-linter-helpers "^1.0.0"
    synckit "^0.8.6"

eslint-plugin-react-hooks@^4.6.0:
  version "4.6.0"
  resolved "https://registry.yarnpkg.com/eslint-plugin-react-hooks/-/eslint-plugin-react-hooks-4.6.0.tgz#4c3e697ad95b77e93f8646aaa1630c1ba607edd3"
  integrity sha512-oFc7Itz9Qxh2x4gNHStv3BqJq54ExXmfC+a1NjAta66IAN87Wu0R/QArgIS9qKzX3dXKPI9H5crl9QchNMY9+g==

fast-diff@^1.1.2:
  version "1.3.0"
  resolved "https://registry.yarnpkg.com/fast-diff/-/fast-diff-1.3.0.tgz#ece407fa550a64d638536cd727e129c61616e0f0"
  integrity sha512-VxPP4NqbUjj6MaAOafWeUn2cXWLcCtljklUtZf0Ind4XQ+QPtmA0b18zZy0jIQx+ExRVCR/ZQpBmik5lXshNsw==

for-each@^0.3.3:
  version "0.3.3"
  resolved "https://registry.yarnpkg.com/for-each/-/for-each-0.3.3.tgz#69b447e88a0a5d32c3e7084f3f1710034b21376e"
  integrity sha512-jqYfLp7mo9vIyQf8ykW2v7A+2N4QjeCeI5+Dz9XraiO1ign81wjiH7Fb9vSOWvQfNtmSa4H2RoQTrrXivdUZmw==
  dependencies:
    is-callable "^1.1.3"

function-bind@^1.1.2:
  version "1.1.2"
  resolved "https://registry.yarnpkg.com/function-bind/-/function-bind-1.1.2.tgz#2c02d864d97f3ea6c8830c464cbd11ab6eab7a1c"
  integrity sha512-7XHNxH7qX9xG5mIwxkhumTox/MIRNcOgDrxWsMt2pAr23WHp6MrRlN7FBSFpCpr+oVO0F744iUgR82nJMfG2SA==

function.prototype.name@^1.1.5, function.prototype.name@^1.1.6:
  version "1.1.6"
  resolved "https://registry.yarnpkg.com/function.prototype.name/-/function.prototype.name-1.1.6.tgz#cdf315b7d90ee77a4c6ee216c3c3362da07533fd"
  integrity sha512-Z5kx79swU5P27WEayXM1tBi5Ze/lbIyiNgU3qyXUOf9b2rgXYyF9Dy9Cx+IQv/Lc8WCG6L82zwUPpSS9hGehIg==
  dependencies:
    call-bind "^1.0.2"
    define-properties "^1.2.0"
    es-abstract "^1.22.1"
    functions-have-names "^1.2.3"

functions-have-names@^1.2.3:
  version "1.2.3"
  resolved "https://registry.yarnpkg.com/functions-have-names/-/functions-have-names-1.2.3.tgz#0404fe4ee2ba2f607f0e0ec3c80bae994133b834"
  integrity sha512-xckBUXyTIqT97tq2x2AMb+g163b5JFysYk0x4qxNFwbfQkmNZoiRHb6sPzI9/QV33WeuvVYBUIiD4NzNIyqaRQ==

get-intrinsic@^1.1.1, get-intrinsic@^1.1.3, get-intrinsic@^1.2.1, get-intrinsic@^1.2.2, get-intrinsic@^1.2.3, get-intrinsic@^1.2.4:
  version "1.2.4"
  resolved "https://registry.yarnpkg.com/get-intrinsic/-/get-intrinsic-1.2.4.tgz#e385f5a4b5227d449c3eabbad05494ef0abbeadd"
  integrity sha512-5uYhsJH8VJBTv7oslg4BznJYhDoRI6waYCxMmCdnTrcCrHA/fCFKoTFz2JKKE0HdDFUF7/oQuhzumXJK7paBRQ==
  dependencies:
    es-errors "^1.3.0"
    function-bind "^1.1.2"
    has-proto "^1.0.1"
    has-symbols "^1.0.3"
    hasown "^2.0.0"

get-symbol-description@^1.0.2:
  version "1.0.2"
  resolved "https://registry.yarnpkg.com/get-symbol-description/-/get-symbol-description-1.0.2.tgz#533744d5aa20aca4e079c8e5daf7fd44202821f5"
  integrity sha512-g0QYk1dZBxGwk+Ngc+ltRH2IBp2f7zBkBMBJZCDerh6EhlhSR6+9irMCuT/09zD6qkarHUSn529sK/yL4S27mg==
  dependencies:
    call-bind "^1.0.5"
    es-errors "^1.3.0"
    get-intrinsic "^1.2.4"

globalthis@^1.0.3:
  version "1.0.3"
  resolved "https://registry.yarnpkg.com/globalthis/-/globalthis-1.0.3.tgz#5852882a52b80dc301b0660273e1ed082f0b6ccf"
  integrity sha512-sFdI5LyBiNTHjRd7cGPWapiHWMOXKyuBNX/cWJ3NfzrZQVa8GI/8cofCl74AOVqq9W5kNmguTIzJ/1s2gyI9wA==
  dependencies:
    define-properties "^1.1.3"

gopd@^1.0.1:
  version "1.0.1"
  resolved "https://registry.yarnpkg.com/gopd/-/gopd-1.0.1.tgz#29ff76de69dac7489b7c0918a5788e56477c332c"
  integrity sha512-d65bNlIadxvpb/A2abVdlqKqV563juRnZ1Wtk6s1sIR8uNsXR70xqIzVqxVf1eTqDunwT2MkczEeaezCKTZhwA==
  dependencies:
    get-intrinsic "^1.1.3"

has-bigints@^1.0.1, has-bigints@^1.0.2:
  version "1.0.2"
  resolved "https://registry.yarnpkg.com/has-bigints/-/has-bigints-1.0.2.tgz#0871bd3e3d51626f6ca0966668ba35d5602d6eaa"
  integrity sha512-tSvCKtBr9lkF0Ex0aQiP9N+OpV4zi2r/Nee5VkRDbaqv35RLYMzbwQfFSZZH0kR+Rd6302UJZ2p/bJCEoR3VoQ==

has-property-descriptors@^1.0.0, has-property-descriptors@^1.0.1, has-property-descriptors@^1.0.2:
  version "1.0.2"
  resolved "https://registry.yarnpkg.com/has-property-descriptors/-/has-property-descriptors-1.0.2.tgz#963ed7d071dc7bf5f084c5bfbe0d1b6222586854"
  integrity sha512-55JNKuIW+vq4Ke1BjOTjM2YctQIvCT7GFzHwmfZPGo5wnrgkid0YQtnAleFSqumZm4az3n2BS+erby5ipJdgrg==
  dependencies:
    es-define-property "^1.0.0"

has-proto@^1.0.1:
  version "1.0.1"
  resolved "https://registry.yarnpkg.com/has-proto/-/has-proto-1.0.1.tgz#1885c1305538958aff469fef37937c22795408e0"
  integrity sha512-7qE+iP+O+bgF9clE5+UoBFzE65mlBiVj3tKCrlNQ0Ogwm0BjpT/gK4SlLYDMybDh5I3TCTKnPPa0oMG7JDYrhg==

has-symbols@^1.0.2, has-symbols@^1.0.3:
  version "1.0.3"
  resolved "https://registry.yarnpkg.com/has-symbols/-/has-symbols-1.0.3.tgz#bb7b2c4349251dce87b125f7bdf874aa7c8b39f8"
  integrity sha512-l3LCuF6MgDNwTDKkdYGEihYjt5pRPbEg46rtlmnSPlUbgmB8LOIrKJbYYFBSbnPaJexMKtiPO8hmeRjRz2Td+A==

has-tostringtag@^1.0.0, has-tostringtag@^1.0.1:
  version "1.0.2"
  resolved "https://registry.yarnpkg.com/has-tostringtag/-/has-tostringtag-1.0.2.tgz#2cdc42d40bef2e5b4eeab7c01a73c54ce7ab5abc"
  integrity sha512-NqADB8VjPFLM2V0VvHUewwwsw0ZWBaIdgo+ieHtK3hasLz4qeCRjYcqfB6AQrBggRKppKF8L52/VqdVsO47Dlw==
  dependencies:
    has-symbols "^1.0.3"

hasown@^2.0.0, hasown@^2.0.1:
  version "2.0.1"
  resolved "https://registry.yarnpkg.com/hasown/-/hasown-2.0.1.tgz#26f48f039de2c0f8d3356c223fb8d50253519faa"
  integrity sha512-1/th4MHjnwncwXsIW6QMzlvYL9kG5e/CpVvLRZe4XPa8TOUNbCELqmvhDmnkNsAjwaG4+I8gJJL0JBvTTLO9qA==
  dependencies:
    function-bind "^1.1.2"

internal-slot@^1.0.7:
  version "1.0.7"
  resolved "https://registry.yarnpkg.com/internal-slot/-/internal-slot-1.0.7.tgz#c06dcca3ed874249881007b0a5523b172a190802"
  integrity sha512-NGnrKwXzSms2qUUih/ILZ5JBqNTSa1+ZmP6flaIp6KmSElgE9qdndzS3cqjrDovwFdmwsGsLdeFgB6suw+1e9g==
  dependencies:
    es-errors "^1.3.0"
    hasown "^2.0.0"
    side-channel "^1.0.4"

is-array-buffer@^3.0.4:
  version "3.0.4"
  resolved "https://registry.yarnpkg.com/is-array-buffer/-/is-array-buffer-3.0.4.tgz#7a1f92b3d61edd2bc65d24f130530ea93d7fae98"
  integrity sha512-wcjaerHw0ydZwfhiKbXJWLDY8A7yV7KhjQOpb83hGgGfId/aQa4TOvwyzn2PuswW2gPCYEL/nEAiSVpdOj1lXw==
  dependencies:
    call-bind "^1.0.2"
    get-intrinsic "^1.2.1"

is-async-function@^2.0.0:
  version "2.0.0"
  resolved "https://registry.yarnpkg.com/is-async-function/-/is-async-function-2.0.0.tgz#8e4418efd3e5d3a6ebb0164c05ef5afb69aa9646"
  integrity sha512-Y1JXKrfykRJGdlDwdKlLpLyMIiWqWvuSd17TvZk68PLAOGOoF4Xyav1z0Xhoi+gCYjZVeC5SI+hYFOfvXmGRCA==
  dependencies:
    has-tostringtag "^1.0.0"

is-bigint@^1.0.1:
  version "1.0.4"
  resolved "https://registry.yarnpkg.com/is-bigint/-/is-bigint-1.0.4.tgz#08147a1875bc2b32005d41ccd8291dffc6691df3"
  integrity sha512-zB9CruMamjym81i2JZ3UMn54PKGsQzsJeo6xvN3HJJ4CAsQNB6iRutp2To77OfCNuoxspsIhzaPoO1zyCEhFOg==
  dependencies:
    has-bigints "^1.0.1"

is-boolean-object@^1.1.0:
  version "1.1.2"
  resolved "https://registry.yarnpkg.com/is-boolean-object/-/is-boolean-object-1.1.2.tgz#5c6dc200246dd9321ae4b885a114bb1f75f63719"
  integrity sha512-gDYaKHJmnj4aWxyj6YHyXVpdQawtVLHU5cb+eztPGczf6cjuTdwve5ZIEfgXqH4e57An1D1AKf8CZ3kYrQRqYA==
  dependencies:
    call-bind "^1.0.2"
    has-tostringtag "^1.0.0"

is-callable@^1.1.3, is-callable@^1.1.4, is-callable@^1.2.7:
  version "1.2.7"
  resolved "https://registry.yarnpkg.com/is-callable/-/is-callable-1.2.7.tgz#3bc2a85ea742d9e36205dcacdd72ca1fdc51b055"
  integrity sha512-1BC0BVFhS/p0qtw6enp8e+8OD0UrK0oFLztSjNzhcKA3WDuJxxAPXzPuPtKkjEY9UUoEWlX/8fgKeu2S8i9JTA==

is-date-object@^1.0.1, is-date-object@^1.0.5:
  version "1.0.5"
  resolved "https://registry.yarnpkg.com/is-date-object/-/is-date-object-1.0.5.tgz#0841d5536e724c25597bf6ea62e1bd38298df31f"
  integrity sha512-9YQaSxsAiSwcvS33MBk3wTCVnWK+HhF8VZR2jRxehM16QcVOdHqPn4VPHmRK4lSr38n9JriurInLcP90xsYNfQ==
  dependencies:
    has-tostringtag "^1.0.0"

is-finalizationregistry@^1.0.2:
  version "1.0.2"
  resolved "https://registry.yarnpkg.com/is-finalizationregistry/-/is-finalizationregistry-1.0.2.tgz#c8749b65f17c133313e661b1289b95ad3dbd62e6"
  integrity sha512-0by5vtUJs8iFQb5TYUHHPudOR+qXYIMKtiUzvLIZITZUjknFmziyBJuLhVRc+Ds0dREFlskDNJKYIdIzu/9pfw==
  dependencies:
    call-bind "^1.0.2"

is-generator-function@^1.0.10:
  version "1.0.10"
  resolved "https://registry.yarnpkg.com/is-generator-function/-/is-generator-function-1.0.10.tgz#f1558baf1ac17e0deea7c0415c438351ff2b3c72"
  integrity sha512-jsEjy9l3yiXEQ+PsXdmBwEPcOxaXWLspKdplFUVI9vq1iZgIekeC0L167qeu86czQaxed3q/Uzuw0swL0irL8A==
  dependencies:
    has-tostringtag "^1.0.0"

is-map@^2.0.1:
  version "2.0.2"
  resolved "https://registry.yarnpkg.com/is-map/-/is-map-2.0.2.tgz#00922db8c9bf73e81b7a335827bc2a43f2b91127"
  integrity sha512-cOZFQQozTha1f4MxLFzlgKYPTyj26picdZTx82hbc/Xf4K/tZOOXSCkMvU4pKioRXGDLJRn0GM7Upe7kR721yg==

is-negative-zero@^2.0.2:
  version "2.0.2"
  resolved "https://registry.yarnpkg.com/is-negative-zero/-/is-negative-zero-2.0.2.tgz#7bf6f03a28003b8b3965de3ac26f664d765f3150"
  integrity sha512-dqJvarLawXsFbNDeJW7zAz8ItJ9cd28YufuuFzh0G8pNHjJMnY08Dv7sYX2uF5UpQOwieAeOExEYAWWfu7ZZUA==

is-number-object@^1.0.4:
  version "1.0.7"
  resolved "https://registry.yarnpkg.com/is-number-object/-/is-number-object-1.0.7.tgz#59d50ada4c45251784e9904f5246c742f07a42fc"
  integrity sha512-k1U0IRzLMo7ZlYIfzRu23Oh6MiIFasgpb9X76eqfFZAqwH44UI4KTBvBYIZ1dSL9ZzChTB9ShHfLkR4pdW5krQ==
  dependencies:
    has-tostringtag "^1.0.0"

is-regex@^1.1.4:
  version "1.1.4"
  resolved "https://registry.yarnpkg.com/is-regex/-/is-regex-1.1.4.tgz#eef5663cd59fa4c0ae339505323df6854bb15958"
  integrity sha512-kvRdxDsxZjhzUX07ZnLydzS1TU/TJlTUHHY4YLL87e37oUA49DfkLqgy+VjFocowy29cKvcSiu+kIv728jTTVg==
  dependencies:
    call-bind "^1.0.2"
    has-tostringtag "^1.0.0"

is-set@^2.0.1:
  version "2.0.2"
  resolved "https://registry.yarnpkg.com/is-set/-/is-set-2.0.2.tgz#90755fa4c2562dc1c5d4024760d6119b94ca18ec"
  integrity sha512-+2cnTEZeY5z/iXGbLhPrOAaK/Mau5k5eXq9j14CpRTftq0pAJu2MwVRSZhyZWBzx3o6X795Lz6Bpb6R0GKf37g==

is-shared-array-buffer@^1.0.2:
  version "1.0.2"
  resolved "https://registry.yarnpkg.com/is-shared-array-buffer/-/is-shared-array-buffer-1.0.2.tgz#8f259c573b60b6a32d4058a1a07430c0a7344c79"
  integrity sha512-sqN2UDu1/0y6uvXyStCOzyhAjCSlHceFoMKJW8W9EU9cvic/QdsZ0kEU93HEy3IUEFZIiH/3w+AH/UQbPHNdhA==
  dependencies:
    call-bind "^1.0.2"

is-string@^1.0.5, is-string@^1.0.7:
  version "1.0.7"
  resolved "https://registry.yarnpkg.com/is-string/-/is-string-1.0.7.tgz#0dd12bf2006f255bb58f695110eff7491eebc0fd"
  integrity sha512-tE2UXzivje6ofPW7l23cjDOMa09gb7xlAqG6jG5ej6uPV32TlWP3NKPigtaGeHNu9fohccRYvIiZMfOOnOYUtg==
  dependencies:
    has-tostringtag "^1.0.0"

is-symbol@^1.0.2, is-symbol@^1.0.3:
  version "1.0.4"
  resolved "https://registry.yarnpkg.com/is-symbol/-/is-symbol-1.0.4.tgz#a6dac93b635b063ca6872236de88910a57af139c"
  integrity sha512-C/CPBqKWnvdcxqIARxyOh4v1UUEOCHpgDa0WYgpKDFMszcrPcffg5uhwSgPCLD2WWxmq6isisz87tzT01tuGhg==
  dependencies:
    has-symbols "^1.0.2"

is-typed-array@^1.1.10, is-typed-array@^1.1.13, is-typed-array@^1.1.9:
  version "1.1.13"
  resolved "https://registry.yarnpkg.com/is-typed-array/-/is-typed-array-1.1.13.tgz#d6c5ca56df62334959322d7d7dd1cca50debe229"
  integrity sha512-uZ25/bUAlUY5fR4OKT4rZQEBrzQWYV9ZJYGGsUmEJ6thodVJ1HX64ePQ6Z0qPWP+m+Uq6e9UugrE38jeYsDSMw==
  dependencies:
    which-typed-array "^1.1.14"

is-weakmap@^2.0.1:
  version "2.0.1"
  resolved "https://registry.yarnpkg.com/is-weakmap/-/is-weakmap-2.0.1.tgz#5008b59bdc43b698201d18f62b37b2ca243e8cf2"
  integrity sha512-NSBR4kH5oVj1Uwvv970ruUkCV7O1mzgVFO4/rev2cLRda9Tm9HrL70ZPut4rOHgY0FNrUu9BCbXA2sdQ+x0chA==

is-weakref@^1.0.2:
  version "1.0.2"
  resolved "https://registry.yarnpkg.com/is-weakref/-/is-weakref-1.0.2.tgz#9529f383a9338205e89765e0392efc2f100f06f2"
  integrity sha512-qctsuLZmIQ0+vSSMfoVvyFe2+GSEvnmZ2ezTup1SBse9+twCCeial6EEi3Nc2KFcf6+qz2FBPnjXsk8xhKSaPQ==
  dependencies:
    call-bind "^1.0.2"

is-weakset@^2.0.1:
  version "2.0.2"
  resolved "https://registry.yarnpkg.com/is-weakset/-/is-weakset-2.0.2.tgz#4569d67a747a1ce5a994dfd4ef6dcea76e7c0a1d"
  integrity sha512-t2yVvttHkQktwnNNmBQ98AhENLdPUTDTE21uPqAQ0ARwQfGeQKRVS0NNurH7bTf7RrvcVn1OOge45CnBeHCSmg==
  dependencies:
    call-bind "^1.0.2"
    get-intrinsic "^1.1.1"

isarray@^2.0.5:
  version "2.0.5"
  resolved "https://registry.yarnpkg.com/isarray/-/isarray-2.0.5.tgz#8af1e4c1221244cc62459faf38940d4e644a5723"
  integrity sha512-xHjhDr3cNBK0BzdUJSPXZntQUx/mwMS5Rw4A7lPJ90XGAO6ISP/ePDNuo0vhqOZU+UD5JoodwCAAoZQd3FeAKw==

iterator.prototype@^1.1.2:
  version "1.1.2"
  resolved "https://registry.yarnpkg.com/iterator.prototype/-/iterator.prototype-1.1.2.tgz#5e29c8924f01916cb9335f1ff80619dcff22b0c0"
  integrity sha512-DR33HMMr8EzwuRL8Y9D3u2BMj8+RqSE850jfGu59kS7tbmPLzGkZmVSfyCFSDxuZiEY6Rzt3T2NA/qU+NwVj1w==
  dependencies:
    define-properties "^1.2.1"
    get-intrinsic "^1.2.1"
    has-symbols "^1.0.3"
    reflect.getprototypeof "^1.0.4"
    set-function-name "^2.0.1"

jsx-ast-utils@^3.3.5:
  version "3.3.5"
  resolved "https://registry.yarnpkg.com/jsx-ast-utils/-/jsx-ast-utils-3.3.5.tgz#4766bd05a8e2a11af222becd19e15575e52a853a"
  integrity sha512-ZZow9HBI5O6EPgSJLUb8n2NKgmVWTwCvHGwFuJlMjvLFqlGG6pjirPhtdsseaLZjSibD8eegzmYpUZwoIlj2cQ==
  dependencies:
    array-includes "^3.1.6"
    array.prototype.flat "^1.3.1"
    object.assign "^4.1.4"
    object.values "^1.1.6"

language-subtag-registry@^0.3.20:
  version "0.3.22"
  resolved "https://registry.yarnpkg.com/language-subtag-registry/-/language-subtag-registry-0.3.22.tgz#2e1500861b2e457eba7e7ae86877cbd08fa1fd1d"
  integrity sha512-tN0MCzyWnoz/4nHS6uxdlFWoUZT7ABptwKPQ52Ea7URk6vll88bWBVhodtnlfEuCcKWNGoc+uGbw1cwa9IKh/w==

language-tags@^1.0.9:
  version "1.0.9"
  resolved "https://registry.yarnpkg.com/language-tags/-/language-tags-1.0.9.tgz#1ffdcd0ec0fafb4b1be7f8b11f306ad0f9c08777"
  integrity sha512-MbjN408fEndfiQXbFQ1vnd+1NoLDsnQW41410oQBXiyXDMYH5z505juWa4KUE1LqxRC7DgOgZDbKLxHIwm27hA==
  dependencies:
    language-subtag-registry "^0.3.20"

make-error@^1.1.1:
  version "1.3.6"
  resolved "https://registry.yarnpkg.com/make-error/-/make-error-1.3.6.tgz#2eb2e37ea9b67c4891f684a1394799af484cf7a2"
  integrity sha512-s8UhlNe7vPKomQhC1qFelMokr/Sc3AgNbso3n74mVPA5LTZwkB9NlXf4XPamLxJE8h0gh73rM94xvwRT2CVInw==

minimatch@^3.1.2:
  version "3.1.2"
  resolved "https://registry.yarnpkg.com/minimatch/-/minimatch-3.1.2.tgz#19cd194bfd3e428f049a70817c038d89ab4be35b"
  integrity sha512-J7p63hRiAjw1NDEww1W7i37+ByIrOWO5XQQAzZ3VOcL0PNybwpfmV/N05zFAzwQ9USyEcX6t3UO+K5aqBQOIHw==
  dependencies:
    brace-expansion "^1.1.7"

object-inspect@^1.13.1:
  version "1.13.1"
  resolved "https://registry.yarnpkg.com/object-inspect/-/object-inspect-1.13.1.tgz#b96c6109324ccfef6b12216a956ca4dc2ff94bc2"
  integrity sha512-5qoj1RUiKOMsCCNLV1CBiPYE10sziTsnmNxkAI/rZhiD63CF7IqdFGC/XzjWjpSgLf0LxXX3bDFIh0E18f6UhQ==

object-keys@^1.1.1:
  version "1.1.1"
  resolved "https://registry.yarnpkg.com/object-keys/-/object-keys-1.1.1.tgz#1c47f272df277f3b1daf061677d9c82e2322c60e"
  integrity sha512-NuAESUOUMrlIXOfHKzD6bpPu3tYt3xvjNdRIQ+FeT0lNb4K8WR70CaDxhuNguS2XG+GjkyMwOzsN5ZktImfhLA==

object.assign@^4.1.4, object.assign@^4.1.5:
  version "4.1.5"
  resolved "https://registry.yarnpkg.com/object.assign/-/object.assign-4.1.5.tgz#3a833f9ab7fdb80fc9e8d2300c803d216d8fdbb0"
  integrity sha512-byy+U7gp+FVwmyzKPYhW2h5l3crpmGsxl7X2s8y43IgxvG4g3QZ6CffDtsNQy1WsmZpQbO+ybo0AlW7TY6DcBQ==
  dependencies:
    call-bind "^1.0.5"
    define-properties "^1.2.1"
    has-symbols "^1.0.3"
    object-keys "^1.1.1"

object.entries@^1.1.7:
  version "1.1.7"
  resolved "https://registry.yarnpkg.com/object.entries/-/object.entries-1.1.7.tgz#2b47760e2a2e3a752f39dd874655c61a7f03c131"
  integrity sha512-jCBs/0plmPsOnrKAfFQXRG2NFjlhZgjjcBLSmTnEhU8U6vVTsVe8ANeQJCHTl3gSsI4J+0emOoCgoKlmQPMgmA==
  dependencies:
    call-bind "^1.0.2"
    define-properties "^1.2.0"
    es-abstract "^1.22.1"

object.fromentries@^2.0.7:
  version "2.0.7"
  resolved "https://registry.yarnpkg.com/object.fromentries/-/object.fromentries-2.0.7.tgz#71e95f441e9a0ea6baf682ecaaf37fa2a8d7e616"
  integrity sha512-UPbPHML6sL8PI/mOqPwsH4G6iyXcCGzLin8KvEPenOZN5lpCNBZZQ+V62vdjB1mQHrmqGQt5/OJzemUA+KJmEA==
  dependencies:
    call-bind "^1.0.2"
    define-properties "^1.2.0"
    es-abstract "^1.22.1"

object.values@^1.1.6:
  version "1.1.7"
  resolved "https://registry.yarnpkg.com/object.values/-/object.values-1.1.7.tgz#617ed13272e7e1071b43973aa1655d9291b8442a"
  integrity sha512-aU6xnDFYT3x17e/f0IiiwlGPTy2jzMySGfUB4fq6z7CV8l85CWHDk5ErhyhpfDHhrOMwGFhSQkhMGHaIotA6Ng==
  dependencies:
    call-bind "^1.0.2"
    define-properties "^1.2.0"
    es-abstract "^1.22.1"

prettier-linter-helpers@^1.0.0:
  version "1.0.0"
  resolved "https://registry.yarnpkg.com/prettier-linter-helpers/-/prettier-linter-helpers-1.0.0.tgz#d23d41fe1375646de2d0104d3454a3008802cf7b"
  integrity sha512-GbK2cP9nraSSUF9N2XwUwqfzlAFlMNYYl+ShE/V+H8a9uNl/oUqB1w2EL54Jh0OlyRSd8RfWYJ3coVS4TROP2w==
  dependencies:
    fast-diff "^1.1.2"

prettier@^3.2.5:
  version "3.2.5"
  resolved "https://registry.yarnpkg.com/prettier/-/prettier-3.2.5.tgz#e52bc3090586e824964a8813b09aba6233b28368"
  integrity sha512-3/GWa9aOC0YeD7LUfvOG2NiDyhOWRvt1k+rcKhOuYnMY24iiCphgneUfJDyFXd6rZCAnuLBv6UeAULtrhT/F4A==

reflect.getprototypeof@^1.0.4:
  version "1.0.5"
  resolved "https://registry.yarnpkg.com/reflect.getprototypeof/-/reflect.getprototypeof-1.0.5.tgz#e0bd28b597518f16edaf9c0e292c631eb13e0674"
  integrity sha512-62wgfC8dJWrmxv44CA36pLDnP6KKl3Vhxb7PL+8+qrrFMMoJij4vgiMP8zV4O8+CBMXY1mHxI5fITGHXFHVmQQ==
  dependencies:
    call-bind "^1.0.5"
    define-properties "^1.2.1"
    es-abstract "^1.22.3"
    es-errors "^1.0.0"
    get-intrinsic "^1.2.3"
    globalthis "^1.0.3"
    which-builtin-type "^1.1.3"

regenerator-runtime@^0.14.0:
  version "0.14.1"
  resolved "https://registry.yarnpkg.com/regenerator-runtime/-/regenerator-runtime-0.14.1.tgz#356ade10263f685dda125100cd862c1db895327f"
  integrity sha512-dYnhHh0nJoMfnkZs6GmmhFknAGRrLznOu5nc9ML+EJxGvrx6H7teuevqVqCuPcPK//3eDrrjQhehXVx9cnkGdw==

regexp.prototype.flags@^1.5.2:
  version "1.5.2"
  resolved "https://registry.yarnpkg.com/regexp.prototype.flags/-/regexp.prototype.flags-1.5.2.tgz#138f644a3350f981a858c44f6bb1a61ff59be334"
  integrity sha512-NcDiDkTLuPR+++OCKB0nWafEmhg/Da8aUPLPMQbK+bxKKCm1/S5he+AqYa4PlMCVBalb4/yxIRub6qkEx5yJbw==
  dependencies:
    call-bind "^1.0.6"
    define-properties "^1.2.1"
    es-errors "^1.3.0"
    set-function-name "^2.0.1"

safe-array-concat@^1.1.0:
  version "1.1.0"
  resolved "https://registry.yarnpkg.com/safe-array-concat/-/safe-array-concat-1.1.0.tgz#8d0cae9cb806d6d1c06e08ab13d847293ebe0692"
  integrity sha512-ZdQ0Jeb9Ofti4hbt5lX3T2JcAamT9hfzYU1MNB+z/jaEbB6wfFfPIR/zEORmZqobkCCJhSjodobH6WHNmJ97dg==
  dependencies:
    call-bind "^1.0.5"
    get-intrinsic "^1.2.2"
    has-symbols "^1.0.3"
    isarray "^2.0.5"

safe-regex-test@^1.0.3:
  version "1.0.3"
  resolved "https://registry.yarnpkg.com/safe-regex-test/-/safe-regex-test-1.0.3.tgz#a5b4c0f06e0ab50ea2c395c14d8371232924c377"
  integrity sha512-CdASjNJPvRa7roO6Ra/gLYBTzYzzPyyBXxIMdGW3USQLyjWEls2RgW5UBTXaQVp+OrpeCK3bLem8smtmheoRuw==
  dependencies:
    call-bind "^1.0.6"
    es-errors "^1.3.0"
    is-regex "^1.1.4"

set-function-length@^1.2.1:
  version "1.2.1"
  resolved "https://registry.yarnpkg.com/set-function-length/-/set-function-length-1.2.1.tgz#47cc5945f2c771e2cf261c6737cf9684a2a5e425"
  integrity sha512-j4t6ccc+VsKwYHso+kElc5neZpjtq9EnRICFZtWyBsLojhmeF/ZBd/elqm22WJh/BziDe/SBiOeAt0m2mfLD0g==
  dependencies:
    define-data-property "^1.1.2"
    es-errors "^1.3.0"
    function-bind "^1.1.2"
    get-intrinsic "^1.2.3"
    gopd "^1.0.1"
    has-property-descriptors "^1.0.1"

set-function-name@^2.0.1:
  version "2.0.1"
  resolved "https://registry.yarnpkg.com/set-function-name/-/set-function-name-2.0.1.tgz#12ce38b7954310b9f61faa12701620a0c882793a"
  integrity sha512-tMNCiqYVkXIZgc2Hnoy2IvC/f8ezc5koaRFkCjrpWzGpCd3qbZXPzVy9MAZzK1ch/X0jvSkojys3oqJN0qCmdA==
  dependencies:
    define-data-property "^1.0.1"
    functions-have-names "^1.2.3"
    has-property-descriptors "^1.0.0"

side-channel@^1.0.4:
  version "1.0.5"
  resolved "https://registry.yarnpkg.com/side-channel/-/side-channel-1.0.5.tgz#9a84546599b48909fb6af1211708d23b1946221b"
  integrity sha512-QcgiIWV4WV7qWExbN5llt6frQB/lBven9pqliLXfGPB+K9ZYXxDozp0wLkHS24kWCm+6YXH/f0HhnObZnZOBnQ==
  dependencies:
    call-bind "^1.0.6"
    es-errors "^1.3.0"
    get-intrinsic "^1.2.4"
    object-inspect "^1.13.1"

string.prototype.trim@^1.2.8:
  version "1.2.8"
  resolved "https://registry.yarnpkg.com/string.prototype.trim/-/string.prototype.trim-1.2.8.tgz#f9ac6f8af4bd55ddfa8895e6aea92a96395393bd"
  integrity sha512-lfjY4HcixfQXOfaqCvcBuOIapyaroTXhbkfJN3gcB1OtyupngWK4sEET9Knd0cXd28kTUqu/kHoV4HKSJdnjiQ==
  dependencies:
    call-bind "^1.0.2"
    define-properties "^1.2.0"
    es-abstract "^1.22.1"

string.prototype.trimend@^1.0.7:
  version "1.0.7"
  resolved "https://registry.yarnpkg.com/string.prototype.trimend/-/string.prototype.trimend-1.0.7.tgz#1bb3afc5008661d73e2dc015cd4853732d6c471e"
  integrity sha512-Ni79DqeB72ZFq1uH/L6zJ+DKZTkOtPIHovb3YZHQViE+HDouuU4mBrLOLDn5Dde3RF8qw5qVETEjhu9locMLvA==
  dependencies:
    call-bind "^1.0.2"
    define-properties "^1.2.0"
    es-abstract "^1.22.1"

string.prototype.trimstart@^1.0.7:
  version "1.0.7"
  resolved "https://registry.yarnpkg.com/string.prototype.trimstart/-/string.prototype.trimstart-1.0.7.tgz#d4cdb44b83a4737ffbac2d406e405d43d0184298"
  integrity sha512-NGhtDFu3jCEm7B4Fy0DpLewdJQOZcQ0rGbwQ/+stjnrp2i+rlKeCvos9hOIeCmqwratM47OBxY7uFZzjxHXmrg==
  dependencies:
    call-bind "^1.0.2"
    define-properties "^1.2.0"
    es-abstract "^1.22.1"

synckit@^0.8.6:
  version "0.8.8"
  resolved "https://registry.yarnpkg.com/synckit/-/synckit-0.8.8.tgz#fe7fe446518e3d3d49f5e429f443cf08b6edfcd7"
  integrity sha512-HwOKAP7Wc5aRGYdKH+dw0PRRpbO841v2DENBtjnR5HFWoiNByAl7vrx3p0G/rCyYXQsrxqtX48TImFtPcIHSpQ==
  dependencies:
    "@pkgr/core" "^0.1.0"
    tslib "^2.6.2"

ts-node@^10.9.2:
  version "10.9.2"
  resolved "https://registry.yarnpkg.com/ts-node/-/ts-node-10.9.2.tgz#70f021c9e185bccdca820e26dc413805c101c71f"
  integrity sha512-f0FFpIdcHgn8zcPSbf1dRevwt047YMnaiJM3u2w2RewrB+fob/zePZcrOyQoLMMO7aBIddLcQIEK5dYjkLnGrQ==
  dependencies:
    "@cspotcode/source-map-support" "^0.8.0"
    "@tsconfig/node10" "^1.0.7"
    "@tsconfig/node12" "^1.0.7"
    "@tsconfig/node14" "^1.0.0"
    "@tsconfig/node16" "^1.0.2"
    acorn "^8.4.1"
    acorn-walk "^8.1.1"
    arg "^4.1.0"
    create-require "^1.1.0"
    diff "^4.0.1"
    make-error "^1.1.1"
    v8-compile-cache-lib "^3.0.1"
    yn "3.1.1"

tslib@^2.6.2:
  version "2.6.2"
  resolved "https://registry.yarnpkg.com/tslib/-/tslib-2.6.2.tgz#703ac29425e7b37cd6fd456e92404d46d1f3e4ae"
  integrity sha512-AEYxH93jGFPn/a2iVAwW87VuUIkR1FVUKB77NwMF7nBTDkDrrT/Hpt/IrCJ0QXhW27jTBDcf5ZY7w6RiqTMw2Q==

typed-array-buffer@^1.0.1:
  version "1.0.1"
  resolved "https://registry.yarnpkg.com/typed-array-buffer/-/typed-array-buffer-1.0.1.tgz#0608ffe6bca71bf15a45bff0ca2604107a1325f5"
  integrity sha512-RSqu1UEuSlrBhHTWC8O9FnPjOduNs4M7rJ4pRKoEjtx1zUNOPN2sSXHLDX+Y2WPbHIxbvg4JFo2DNAEfPIKWoQ==
  dependencies:
    call-bind "^1.0.6"
    es-errors "^1.3.0"
    is-typed-array "^1.1.13"

typed-array-byte-length@^1.0.0:
  version "1.0.0"
  resolved "https://registry.yarnpkg.com/typed-array-byte-length/-/typed-array-byte-length-1.0.0.tgz#d787a24a995711611fb2b87a4052799517b230d0"
  integrity sha512-Or/+kvLxNpeQ9DtSydonMxCx+9ZXOswtwJn17SNLvhptaXYDJvkFFP5zbfU/uLmvnBJlI4yrnXRxpdWH/M5tNA==
  dependencies:
    call-bind "^1.0.2"
    for-each "^0.3.3"
    has-proto "^1.0.1"
    is-typed-array "^1.1.10"

typed-array-byte-offset@^1.0.0:
  version "1.0.1"
  resolved "https://registry.yarnpkg.com/typed-array-byte-offset/-/typed-array-byte-offset-1.0.1.tgz#5e2bcc1d93e1a332d50e8b363a48604a134692f8"
  integrity sha512-tcqKMrTRXjqvHN9S3553NPCaGL0VPgFI92lXszmrE8DMhiDPLBYLlvo8Uu4WZAAX/aGqp/T1sbA4ph8EWjDF9Q==
  dependencies:
    available-typed-arrays "^1.0.6"
    call-bind "^1.0.7"
    for-each "^0.3.3"
    gopd "^1.0.1"
    has-proto "^1.0.1"
    is-typed-array "^1.1.13"

typed-array-length@^1.0.4:
  version "1.0.4"
  resolved "https://registry.yarnpkg.com/typed-array-length/-/typed-array-length-1.0.4.tgz#89d83785e5c4098bec72e08b319651f0eac9c1bb"
  integrity sha512-KjZypGq+I/H7HI5HlOoGHkWUUGq+Q0TPhQurLbyrVrvnKTBgzLhIJ7j6J/XTQOi0d1RjyZ0wdas8bKs2p0x3Ng==
  dependencies:
    call-bind "^1.0.2"
    for-each "^0.3.3"
    is-typed-array "^1.1.9"

typescript@^5.3.3:
  version "5.3.3"
  resolved "https://registry.yarnpkg.com/typescript/-/typescript-5.3.3.tgz#b3ce6ba258e72e6305ba66f5c9b452aaee3ffe37"
  integrity sha512-pXWcraxM0uxAS+tN0AG/BF2TyqmHO014Z070UsJ+pFvYuRSq8KH8DmWpnbXe0pEPDHXZV3FcAbJkijJ5oNEnWw==

unbox-primitive@^1.0.2:
  version "1.0.2"
  resolved "https://registry.yarnpkg.com/unbox-primitive/-/unbox-primitive-1.0.2.tgz#29032021057d5e6cdbd08c5129c226dff8ed6f9e"
  integrity sha512-61pPlCD9h51VoreyJ0BReideM3MDKMKnh6+V9L08331ipq6Q8OFXZYiqP6n/tbHx4s5I9uRhcye6BrbkizkBDw==
  dependencies:
    call-bind "^1.0.2"
    has-bigints "^1.0.2"
    has-symbols "^1.0.3"
    which-boxed-primitive "^1.0.2"

undici-types@~5.26.4:
  version "5.26.5"
  resolved "https://registry.yarnpkg.com/undici-types/-/undici-types-5.26.5.tgz#bcd539893d00b56e964fd2657a4866b221a65617"
  integrity sha512-JlCMO+ehdEIKqlFxk6IfVoAUVmgz7cU7zD/h9XZ0qzeosSHmUJVOzSQvvYSYWXkFXC+IfLKSIffhv0sVZup6pA==

v8-compile-cache-lib@^3.0.1:
  version "3.0.1"
  resolved "https://registry.yarnpkg.com/v8-compile-cache-lib/-/v8-compile-cache-lib-3.0.1.tgz#6336e8d71965cb3d35a1bbb7868445a7c05264bf"
  integrity sha512-wa7YjyUGfNZngI/vtK0UHAN+lgDCxBPCylVXGp0zu59Fz5aiGtNXaq3DhIov063MorB+VfufLh3JlF2KdTK3xg==

which-boxed-primitive@^1.0.2:
  version "1.0.2"
  resolved "https://registry.yarnpkg.com/which-boxed-primitive/-/which-boxed-primitive-1.0.2.tgz#13757bc89b209b049fe5d86430e21cf40a89a8e6"
  integrity sha512-bwZdv0AKLpplFY2KZRX6TvyuN7ojjr7lwkg6ml0roIy9YeuSr7JS372qlNW18UQYzgYK9ziGcerWqZOmEn9VNg==
  dependencies:
    is-bigint "^1.0.1"
    is-boolean-object "^1.1.0"
    is-number-object "^1.0.4"
    is-string "^1.0.5"
    is-symbol "^1.0.3"

which-builtin-type@^1.1.3:
  version "1.1.3"
  resolved "https://registry.yarnpkg.com/which-builtin-type/-/which-builtin-type-1.1.3.tgz#b1b8443707cc58b6e9bf98d32110ff0c2cbd029b"
  integrity sha512-YmjsSMDBYsM1CaFiayOVT06+KJeXf0o5M/CAd4o1lTadFAtacTUM49zoYxr/oroopFDfhvN6iEcBxUyc3gvKmw==
  dependencies:
    function.prototype.name "^1.1.5"
    has-tostringtag "^1.0.0"
    is-async-function "^2.0.0"
    is-date-object "^1.0.5"
    is-finalizationregistry "^1.0.2"
    is-generator-function "^1.0.10"
    is-regex "^1.1.4"
    is-weakref "^1.0.2"
    isarray "^2.0.5"
    which-boxed-primitive "^1.0.2"
    which-collection "^1.0.1"
    which-typed-array "^1.1.9"

which-collection@^1.0.1:
  version "1.0.1"
  resolved "https://registry.yarnpkg.com/which-collection/-/which-collection-1.0.1.tgz#70eab71ebbbd2aefaf32f917082fc62cdcb70906"
  integrity sha512-W8xeTUwaln8i3K/cY1nGXzdnVZlidBcagyNFtBdD5kxnb4TvGKR7FfSIS3mYpwWS1QUCutfKz8IY8RjftB0+1A==
  dependencies:
    is-map "^2.0.1"
    is-set "^2.0.1"
    is-weakmap "^2.0.1"
    is-weakset "^2.0.1"

which-typed-array@^1.1.14, which-typed-array@^1.1.9:
  version "1.1.14"
  resolved "https://registry.yarnpkg.com/which-typed-array/-/which-typed-array-1.1.14.tgz#1f78a111aee1e131ca66164d8bdc3ab062c95a06"
  integrity sha512-VnXFiIW8yNn9kIHN88xvZ4yOWchftKDsRJ8fEPacX/wl1lOvBrhsJ/OeJCXq7B0AaijRuqgzSKalJoPk+D8MPg==
  dependencies:
    available-typed-arrays "^1.0.6"
    call-bind "^1.0.5"
    for-each "^0.3.3"
    gopd "^1.0.1"
    has-tostringtag "^1.0.1"

yn@3.1.1:
  version "3.1.1"
  resolved "https://registry.yarnpkg.com/yn/-/yn-3.1.1.tgz#1e87401a09d767c1d5eab26a6e4c185182d2eb50"
  integrity sha512-Ux4ygGWsu2c7isFWe8Yu1YluJmqVhxqK2cLXNQA5AcC3QfbGNpM7fu0Y8b/z16pXLnFxZYvWhd3fhBY9DLmC6Q==
